
Microsoft Visual Studio Solution File, Format Version 12.00
# Visual Studio Version 16
VisualStudioVersion = 16.0.32510.428
MinimumVisualStudioVersion = 10.0.40219.1
Project("{FAE04EC0-301F-11D3-BF4B-00C04F79EFBC}") = "1", "1\1.csproj", "{B3798D30-B758-402D-B86B-B00000C2D1D1}"
EndProject
Project("{FAE04EC0-301F-11D3-BF4B-00C04F79EFBC}") = "2", "2\2.csproj", "{60FCF9B0-243B-4900-94EF-7447FCB2ADC0}"
EndProject
Global
	GlobalSection(SolutionConfigurationPlatforms) = preSolution
		Debug|Any CPU = Debug|Any CPU
		Release|Any CPU = Release|Any CPU
	EndGlobalSection
	GlobalSection(ProjectConfigurationPlatforms) = postSolution
		{B3798D30-B758-402D-B86B-B00000C2D1D1}.Debug|Any CPU.ActiveCfg = Debug|Any CPU
		{B3798D30-B758-402D-B86B-B00000C2D1D1}.Debug|Any CPU.Build.0 = Debug|Any CPU
		{B3798D30-B758-402D-B86B-B00000C2D1D1}.Release|Any CPU.ActiveCfg = Release|Any CPU
		{B3798D30-B758-402D-B86B-B00000C2D1D1}.Release|Any CPU.Build.0 = Release|Any CPU
		{60FCF9B0-243B-4900-94EF-7447FCB2ADC0}.Debug|Any CPU.ActiveCfg = Debug|Any CPU
		{60FCF9B0-243B-4900-94EF-7447FCB2ADC0}.Debug|Any CPU.Build.0 = Debug|Any CPU
		{60FCF9B0-243B-4900-94EF-7447FCB2ADC0}.Release|Any CPU.ActiveCfg = Release|Any CPU
		{60FCF9B0-243B-4900-94EF-7447FCB2ADC0}.Release|Any CPU.Build.0 = Release|Any CPU
	EndGlobalSection
	GlobalSection(SolutionProperties) = preSolution
		HideSolutionNode = FALSE
	EndGlobalSection
	GlobalSection(ExtensibilityGlobals) = postSolution
		SolutionGuid = {17FB9082-4866-4D39-B93C-40F6FD466986}
	EndGlobalSection
EndGlobal
